
Microsoft Visual Studio Solution File, Format Version 12.00
# Visual Studio Version 16
VisualStudioVersion = 16.0.30114.105
MinimumVisualStudioVersion = 10.0.40219.1
Project("{FAE04EC0-301F-11D3-BF4B-00C04F79EFBC}") = "API", "API\API.csproj", "{A102CFEA-C733-4E9A-982F-4CF8E8BFDB8A}"
EndProject
Project("{FAE04EC0-301F-11D3-BF4B-00C04F79EFBC}") = "BusinessLayer", "BusinessLayer\BusinessLayer.csproj", "{71BF979E-5533-4E77-A047-29001003AC76}"
EndProject
Project("{FAE04EC0-301F-11D3-BF4B-00C04F79EFBC}") = "Core", "Core\Core.csproj", "{802F9343-6BD2-417C-A00D-F6CE5947173F}"
EndProject
Project("{FAE04EC0-301F-11D3-BF4B-00C04F79EFBC}") = "EFCore", "EFCore\EFCore.csproj", "{4A45DE79-3065-4476-9058-F6A670D49E22}"
EndProject
Global
	GlobalSection(SolutionConfigurationPlatforms) = preSolution
		Debug|Any CPU = Debug|Any CPU
		Debug|x64 = Debug|x64
		Debug|x86 = Debug|x86
		Release|Any CPU = Release|Any CPU
		Release|x64 = Release|x64
		Release|x86 = Release|x86
	EndGlobalSection
	GlobalSection(SolutionProperties) = preSolution
		HideSolutionNode = FALSE
	EndGlobalSection
	GlobalSection(ProjectConfigurationPlatforms) = postSolution
		{A102CFEA-C733-4E9A-982F-4CF8E8BFDB8A}.Debug|Any CPU.ActiveCfg = Debug|Any CPU
		{A102CFEA-C733-4E9A-982F-4CF8E8BFDB8A}.Debug|Any CPU.Build.0 = Debug|Any CPU
		{A102CFEA-C733-4E9A-982F-4CF8E8BFDB8A}.Debug|x64.ActiveCfg = Debug|Any CPU
		{A102CFEA-C733-4E9A-982F-4CF8E8BFDB8A}.Debug|x64.Build.0 = Debug|Any CPU
		{A102CFEA-C733-4E9A-982F-4CF8E8BFDB8A}.Debug|x86.ActiveCfg = Debug|Any CPU
		{A102CFEA-C733-4E9A-982F-4CF8E8BFDB8A}.Debug|x86.Build.0 = Debug|Any CPU
		{A102CFEA-C733-4E9A-982F-4CF8E8BFDB8A}.Release|Any CPU.ActiveCfg = Release|Any CPU
		{A102CFEA-C733-4E9A-982F-4CF8E8BFDB8A}.Release|Any CPU.Build.0 = Release|Any CPU
		{A102CFEA-C733-4E9A-982F-4CF8E8BFDB8A}.Release|x64.ActiveCfg = Release|Any CPU
		{A102CFEA-C733-4E9A-982F-4CF8E8BFDB8A}.Release|x64.Build.0 = Release|Any CPU
		{A102CFEA-C733-4E9A-982F-4CF8E8BFDB8A}.Release|x86.ActiveCfg = Release|Any CPU
		{A102CFEA-C733-4E9A-982F-4CF8E8BFDB8A}.Release|x86.Build.0 = Release|Any CPU
		{71BF979E-5533-4E77-A047-29001003AC76}.Debug|Any CPU.ActiveCfg = Debug|Any CPU
		{71BF979E-5533-4E77-A047-29001003AC76}.Debug|Any CPU.Build.0 = Debug|Any CPU
		{71BF979E-5533-4E77-A047-29001003AC76}.Debug|x64.ActiveCfg = Debug|Any CPU
		{71BF979E-5533-4E77-A047-29001003AC76}.Debug|x64.Build.0 = Debug|Any CPU
		{71BF979E-5533-4E77-A047-29001003AC76}.Debug|x86.ActiveCfg = Debug|Any CPU
		{71BF979E-5533-4E77-A047-29001003AC76}.Debug|x86.Build.0 = Debug|Any CPU
		{71BF979E-5533-4E77-A047-29001003AC76}.Release|Any CPU.ActiveCfg = Release|Any CPU
		{71BF979E-5533-4E77-A047-29001003AC76}.Release|Any CPU.Build.0 = Release|Any CPU
		{71BF979E-5533-4E77-A047-29001003AC76}.Release|x64.ActiveCfg = Release|Any CPU
		{71BF979E-5533-4E77-A047-29001003AC76}.Release|x64.Build.0 = Release|Any CPU
		{71BF979E-5533-4E77-A047-29001003AC76}.Release|x86.ActiveCfg = Release|Any CPU
		{71BF979E-5533-4E77-A047-29001003AC76}.Release|x86.Build.0 = Release|Any CPU
		{802F9343-6BD2-417C-A00D-F6CE5947173F}.Debug|Any CPU.ActiveCfg = Debug|Any CPU
		{802F9343-6BD2-417C-A00D-F6CE5947173F}.Debug|Any CPU.Build.0 = Debug|Any CPU
		{802F9343-6BD2-417C-A00D-F6CE5947173F}.Debug|x64.ActiveCfg = Debug|Any CPU
		{802F9343-6BD2-417C-A00D-F6CE5947173F}.Debug|x64.Build.0 = Debug|Any CPU
		{802F9343-6BD2-417C-A00D-F6CE5947173F}.Debug|x86.ActiveCfg = Debug|Any CPU
		{802F9343-6BD2-417C-A00D-F6CE5947173F}.Debug|x86.Build.0 = Debug|Any CPU
		{802F9343-6BD2-417C-A00D-F6CE5947173F}.Release|Any CPU.ActiveCfg = Release|Any CPU
		{802F9343-6BD2-417C-A00D-F6CE5947173F}.Release|Any CPU.Build.0 = Release|Any CPU
		{802F9343-6BD2-417C-A00D-F6CE5947173F}.Release|x64.ActiveCfg = Release|Any CPU
		{802F9343-6BD2-417C-A00D-F6CE5947173F}.Release|x64.Build.0 = Release|Any CPU
		{802F9343-6BD2-417C-A00D-F6CE5947173F}.Release|x86.ActiveCfg = Release|Any CPU
		{802F9343-6BD2-417C-A00D-F6CE5947173F}.Release|x86.Build.0 = Release|Any CPU
		{4A45DE79-3065-4476-9058-F6A670D49E22}.Debug|Any CPU.ActiveCfg = Debug|Any CPU
		{4A45DE79-3065-4476-9058-F6A670D49E22}.Debug|Any CPU.Build.0 = Debug|Any CPU
		{4A45DE79-3065-4476-9058-F6A670D49E22}.Debug|x64.ActiveCfg = Debug|Any CPU
		{4A45DE79-3065-4476-9058-F6A670D49E22}.Debug|x64.Build.0 = Debug|Any CPU
		{4A45DE79-3065-4476-9058-F6A670D49E22}.Debug|x86.ActiveCfg = Debug|Any CPU
		{4A45DE79-3065-4476-9058-F6A670D49E22}.Debug|x86.Build.0 = Debug|Any CPU
		{4A45DE79-3065-4476-9058-F6A670D49E22}.Release|Any CPU.ActiveCfg = Release|Any CPU
		{4A45DE79-3065-4476-9058-F6A670D49E22}.Release|Any CPU.Build.0 = Release|Any CPU
		{4A45DE79-3065-4476-9058-F6A670D49E22}.Release|x64.ActiveCfg = Release|Any CPU
		{4A45DE79-3065-4476-9058-F6A670D49E22}.Release|x64.Build.0 = Release|Any CPU
		{4A45DE79-3065-4476-9058-F6A670D49E22}.Release|x86.ActiveCfg = Release|Any CPU
		{4A45DE79-3065-4476-9058-F6A670D49E22}.Release|x86.Build.0 = Release|Any CPU
	EndGlobalSection
EndGlobal
